
Microsoft Visual Studio Solution File, Format Version 12.00
# Visual Studio 2013
VisualStudioVersion = 12.0.30723.0
MinimumVisualStudioVersion = 10.0.40219.1
Project("{8BC9CEB8-8B4A-11D0-8D11-00A0C91BC942}") = "integers_from_file", "integers_from_file\integers_from_file.vcxproj", "{8EE4FD73-27E5-4986-BC05-5A1BA4C23FCC}"
EndProject
Global
	GlobalSection(SolutionConfigurationPlatforms) = preSolution
		Debug|Win32 = Debug|Win32
		Release|Win32 = Release|Win32
	EndGlobalSection
	GlobalSection(ProjectConfigurationPlatforms) = postSolution
		{8EE4FD73-27E5-4986-BC05-5A1BA4C23FCC}.Debug|Win32.ActiveCfg = Debug|Win32
		{8EE4FD73-27E5-4986-BC05-5A1BA4C23FCC}.Debug|Win32.Build.0 = Debug|Win32
		{8EE4FD73-27E5-4986-BC05-5A1BA4C23FCC}.Release|Win32.ActiveCfg = Release|Win32
		{8EE4FD73-27E5-4986-BC05-5A1BA4C23FCC}.Release|Win32.Build.0 = Release|Win32
	EndGlobalSection
	GlobalSection(SolutionProperties) = preSolution
		HideSolutionNode = FALSE
	EndGlobalSection
EndGlobal
